
Microsoft Visual Studio Solution File, Format Version 12.00
# Visual Studio 15
VisualStudioVersion = 15.0.26730.3
MinimumVisualStudioVersion = 10.0.40219.1
Project("{888888A0-9F3D-457C-B088-3A5042F75D52}") = "SemiB_face_detection", "SemiB_face_detection\SemiB_face_detection.pyproj", "{CE2DE311-63CF-4326-B404-808EFC8DDD3B}"
EndProject
Global
	GlobalSection(SolutionConfigurationPlatforms) = preSolution
		Debug|Any CPU = Debug|Any CPU
		Release|Any CPU = Release|Any CPU
	EndGlobalSection
	GlobalSection(ProjectConfigurationPlatforms) = postSolution
		{CE2DE311-63CF-4326-B404-808EFC8DDD3B}.Debug|Any CPU.ActiveCfg = Debug|Any CPU
		{CE2DE311-63CF-4326-B404-808EFC8DDD3B}.Release|Any CPU.ActiveCfg = Release|Any CPU
	EndGlobalSection
	GlobalSection(SolutionProperties) = preSolution
		HideSolutionNode = FALSE
	EndGlobalSection
	GlobalSection(ExtensibilityGlobals) = postSolution
		SolutionGuid = {A552A434-EF27-4EB3-BA51-0B8DA134658B}
	EndGlobalSection
EndGlobal
